
Microsoft Visual Studio Solution File, Format Version 12.00
# Visual Studio Version 17
VisualStudioVersion = 17.5.002.0
MinimumVisualStudioVersion = 10.0.40219.1
Project("{9A19103F-16F7-4668-BE54-9A1E7A4F7556}") = "recursiya", "recursiya.csproj", "{F7EC2B3A-5291-45CF-9C65-C09967D1E20F}"
EndProject
Global
	GlobalSection(SolutionConfigurationPlatforms) = preSolution
		Debug|Any CPU = Debug|Any CPU
		Release|Any CPU = Release|Any CPU
	EndGlobalSection
	GlobalSection(ProjectConfigurationPlatforms) = postSolution
		{F7EC2B3A-5291-45CF-9C65-C09967D1E20F}.Debug|Any CPU.ActiveCfg = Debug|Any CPU
		{F7EC2B3A-5291-45CF-9C65-C09967D1E20F}.Debug|Any CPU.Build.0 = Debug|Any CPU
		{F7EC2B3A-5291-45CF-9C65-C09967D1E20F}.Release|Any CPU.ActiveCfg = Release|Any CPU
		{F7EC2B3A-5291-45CF-9C65-C09967D1E20F}.Release|Any CPU.Build.0 = Release|Any CPU
	EndGlobalSection
	GlobalSection(SolutionProperties) = preSolution
		HideSolutionNode = FALSE
	EndGlobalSection
	GlobalSection(ExtensibilityGlobals) = postSolution
		SolutionGuid = {8BAF4F54-87CB-40F4-A6D9-1863F4378162}
	EndGlobalSection
EndGlobal
